
Microsoft Visual Studio Solution File, Format Version 12.00
# Visual Studio Version 17
VisualStudioVersion = 17.7.34031.279
MinimumVisualStudioVersion = 10.0.40219.1
Project("{FAE04EC0-301F-11D3-BF4B-00C04F79EFBC}") = "Week2Practice2", "Week2Practice2\Week2Practice2.csproj", "{1D046092-0C34-4F51-929B-FA3BF8D518EE}"
EndProject
Global
	GlobalSection(SolutionConfigurationPlatforms) = preSolution
		Debug|Any CPU = Debug|Any CPU
		Release|Any CPU = Release|Any CPU
	EndGlobalSection
	GlobalSection(ProjectConfigurationPlatforms) = postSolution
		{1D046092-0C34-4F51-929B-FA3BF8D518EE}.Debug|Any CPU.ActiveCfg = Debug|Any CPU
		{1D046092-0C34-4F51-929B-FA3BF8D518EE}.Debug|Any CPU.Build.0 = Debug|Any CPU
		{1D046092-0C34-4F51-929B-FA3BF8D518EE}.Release|Any CPU.ActiveCfg = Release|Any CPU
		{1D046092-0C34-4F51-929B-FA3BF8D518EE}.Release|Any CPU.Build.0 = Release|Any CPU
	EndGlobalSection
	GlobalSection(SolutionProperties) = preSolution
		HideSolutionNode = FALSE
	EndGlobalSection
	GlobalSection(ExtensibilityGlobals) = postSolution
		SolutionGuid = {3044777F-C347-4E44-8E03-898F8B6B7E20}
	EndGlobalSection
EndGlobal
